Microsoft Visual Studio Solution File, Format Version 11.00
# Visual Studio 2008

Project("{F845C7B2-CBBD-56D1-E16F-5BA8981B6B6F}") = "Part1", "Assembly-CSharp-firstpass.csproj", "{E5F9C86C-D3F4-6032-424B-6A9093E94FF5}"
EndProject
Project("{F845C7B2-CBBD-56D1-E16F-5BA8981B6B6F}") = "Part1", "Assembly-CSharp.csproj", "{727BD09C-12A7-6483-C910-CE0D0AA5E06D}"
EndProject
Project("{F845C7B2-CBBD-56D1-E16F-5BA8981B6B6F}") = "Part1", "Assembly-UnityScript-firstpass.unityproj", "{8A70D946-73A3-05C8-E4B9-7D67289B8704}"
EndProject
Project("{F845C7B2-CBBD-56D1-E16F-5BA8981B6B6F}") = "Part1", "Assembly-UnityScript.unityproj", "{7B913011-2E30-17C8-8FFB-94358DFDB7F1}"
EndProject
Global
	GlobalSection(SolutionConfigurationPlatforms) = preSolution
		Debug|Any CPU = Debug|Any CPU
		Release|Any CPU = Release|Any CPU
	EndGlobalSection
	GlobalSection(ProjectConfigurationPlatforms) = postSolution
		{E5F9C86C-D3F4-6032-424B-6A9093E94FF5}.Debug|Any CPU.ActiveCfg = Debug|Any CPU
		{E5F9C86C-D3F4-6032-424B-6A9093E94FF5}.Debug|Any CPU.Build.0 = Debug|Any CPU
		{E5F9C86C-D3F4-6032-424B-6A9093E94FF5}.Release|Any CPU.ActiveCfg = Release|Any CPU
		{E5F9C86C-D3F4-6032-424B-6A9093E94FF5}.Release|Any CPU.Build.0 = Release|Any CPU
		{727BD09C-12A7-6483-C910-CE0D0AA5E06D}.Debug|Any CPU.ActiveCfg = Debug|Any CPU
		{727BD09C-12A7-6483-C910-CE0D0AA5E06D}.Debug|Any CPU.Build.0 = Debug|Any CPU
		{727BD09C-12A7-6483-C910-CE0D0AA5E06D}.Release|Any CPU.ActiveCfg = Release|Any CPU
		{727BD09C-12A7-6483-C910-CE0D0AA5E06D}.Release|Any CPU.Build.0 = Release|Any CPU
		{8A70D946-73A3-05C8-E4B9-7D67289B8704}.Debug|Any CPU.ActiveCfg = Debug|Any CPU
		{8A70D946-73A3-05C8-E4B9-7D67289B8704}.Debug|Any CPU.Build.0 = Debug|Any CPU
		{8A70D946-73A3-05C8-E4B9-7D67289B8704}.Release|Any CPU.ActiveCfg = Release|Any CPU
		{8A70D946-73A3-05C8-E4B9-7D67289B8704}.Release|Any CPU.Build.0 = Release|Any CPU
		{7B913011-2E30-17C8-8FFB-94358DFDB7F1}.Debug|Any CPU.ActiveCfg = Debug|Any CPU
		{7B913011-2E30-17C8-8FFB-94358DFDB7F1}.Debug|Any CPU.Build.0 = Debug|Any CPU
		{7B913011-2E30-17C8-8FFB-94358DFDB7F1}.Release|Any CPU.ActiveCfg = Release|Any CPU
		{7B913011-2E30-17C8-8FFB-94358DFDB7F1}.Release|Any CPU.Build.0 = Release|Any CPU
	EndGlobalSection
	GlobalSection(SolutionProperties) = preSolution
		HideSolutionNode = FALSE
	EndGlobalSection
					GlobalSection(MonoDevelopProperties) = preSolution
		StartupItem = Assembly-CSharp.csproj
		Policies = $0
		$0.TextStylePolicy = $1
		$1.inheritsSet = null
		$1.scope = text/x-csharp
		$0.CSharpFormattingPolicy = $2
		$2.inheritsSet = Mono
		$2.inheritsScope = text/x-csharp
		$2.scope = text/x-csharp
		$0.TextStylePolicy = $3
		$3.FileWidth = 120
		$3.TabWidth = 4
		$3.EolMarker = Unix
		$3.inheritsSet = Mono
		$3.inheritsScope = text/plain
		$3.scope = text/plain
	EndGlobalSection

EndGlobal
